
Microsoft Visual Studio Solution File, Format Version 12.00
# Visual Studio Version 16
VisualStudioVersion = 25.0.1700.5
MinimumVisualStudioVersion = 10.0.40219.1
Project("{FAE04EC0-301F-11D3-BF4B-00C04F79EFBC}") = "MovieShopMVC", "MovieShopMVC\MovieShopMVC.csproj", "{1A8DCF69-A836-4391-9943-08D699DE0EC6}"
EndProject
Project("{FAE04EC0-301F-11D3-BF4B-00C04F79EFBC}") = "ApplicationCore", "ApplicationCore\ApplicationCore.csproj", "{F5A833E6-9484-4091-8758-CE6CC1D045CE}"
EndProject
Project("{FAE04EC0-301F-11D3-BF4B-00C04F79EFBC}") = "Infrastructure", "Infrastructure\Infrastructure.csproj", "{FF72BBCD-A4EA-48F1-A4FC-24916AEF4709}"
EndProject
Global
	GlobalSection(SolutionConfigurationPlatforms) = preSolution
		Debug|Any CPU = Debug|Any CPU
		Release|Any CPU = Release|Any CPU
	EndGlobalSection
	GlobalSection(ProjectConfigurationPlatforms) = postSolution
		{1A8DCF69-A836-4391-9943-08D699DE0EC6}.Debug|Any CPU.ActiveCfg = Debug|Any CPU
		{1A8DCF69-A836-4391-9943-08D699DE0EC6}.Debug|Any CPU.Build.0 = Debug|Any CPU
		{1A8DCF69-A836-4391-9943-08D699DE0EC6}.Release|Any CPU.ActiveCfg = Release|Any CPU
		{1A8DCF69-A836-4391-9943-08D699DE0EC6}.Release|Any CPU.Build.0 = Release|Any CPU
		{F5A833E6-9484-4091-8758-CE6CC1D045CE}.Debug|Any CPU.ActiveCfg = Debug|Any CPU
		{F5A833E6-9484-4091-8758-CE6CC1D045CE}.Debug|Any CPU.Build.0 = Debug|Any CPU
		{F5A833E6-9484-4091-8758-CE6CC1D045CE}.Release|Any CPU.ActiveCfg = Release|Any CPU
		{F5A833E6-9484-4091-8758-CE6CC1D045CE}.Release|Any CPU.Build.0 = Release|Any CPU
		{FF72BBCD-A4EA-48F1-A4FC-24916AEF4709}.Debug|Any CPU.ActiveCfg = Debug|Any CPU
		{FF72BBCD-A4EA-48F1-A4FC-24916AEF4709}.Debug|Any CPU.Build.0 = Debug|Any CPU
		{FF72BBCD-A4EA-48F1-A4FC-24916AEF4709}.Release|Any CPU.ActiveCfg = Release|Any CPU
		{FF72BBCD-A4EA-48F1-A4FC-24916AEF4709}.Release|Any CPU.Build.0 = Release|Any CPU
	EndGlobalSection
	GlobalSection(SolutionProperties) = preSolution
		HideSolutionNode = FALSE
	EndGlobalSection
	GlobalSection(ExtensibilityGlobals) = postSolution
		SolutionGuid = {B289CD27-C7D0-4A7A-9E60-A69640393D79}
	EndGlobalSection
EndGlobal
